// !$*UTF8*$!
{
	archiveVersion = 1;
	classes = {
	};
	objectVersion = 51;
	objects = {

/* Begin PBXBuildFile section */
		8463AF1826888EAB00AD1862 /* UIImage+Extension.swift in Sources */ = {isa = PBXBuildFile; fileRef = 8463AF1726888EAB00AD1862 /* UIImage+Extension.swift */; };
		8463AF1A26890C8900AD1862 /* APODDetailsViewController.swift in Sources */ = {isa = PBXBuildFile; fileRef = 8463AF1926890C8900AD1862 /* APODDetailsViewController.swift */; };
		8463AF1C2689BEAA00AD1862 /* SpaceCenter.gif in Resources */ = {isa = PBXBuildFile; fileRef = 8463AF1B2689BEAA00AD1862 /* SpaceCenter.gif */; };
		8463AF1E2689BFBA00AD1862 /* LogoAnimationView.swift in Sources */ = {isa = PBXBuildFile; fileRef = 8463AF1D2689BFBA00AD1862 /* LogoAnimationView.swift */; };
		8463AF202689C72D00AD1862 /* UIView+Extension.swift in Sources */ = {isa = PBXBuildFile; fileRef = 8463AF1F2689C72D00AD1862 /* UIView+Extension.swift */; };
		8463AF242689F11900AD1862 /* APODCollectionViewController.swift in Sources */ = {isa = PBXBuildFile; fileRef = 8463AF232689F11900AD1862 /* APODCollectionViewController.swift */; };
		8463AF262689F34D00AD1862 /* APODCell.swift in Sources */ = {isa = PBXBuildFile; fileRef = 8463AF252689F34D00AD1862 /* APODCell.swift */; };
		84672703267E2B72007F5CB1 /* AppDelegate.swift in Sources */ = {isa = PBXBuildFile; fileRef = 84672702267E2B72007F5CB1 /* AppDelegate.swift */; };
		84672705267E2B72007F5CB1 /* SceneDelegate.swift in Sources */ = {isa = PBXBuildFile; fileRef = 84672704267E2B72007F5CB1 /* SceneDelegate.swift */; };
		84672707267E2B72007F5CB1 /* APODViewController.swift in Sources */ = {isa = PBXBuildFile; fileRef = 84672706267E2B72007F5CB1 /* APODViewController.swift */; };
		8467270A267E2B72007F5CB1 /* Main.storyboard in Resources */ = {isa = PBXBuildFile; fileRef = 84672708267E2B72007F5CB1 /* Main.storyboard */; };
		8467270C267E2B76007F5CB1 /* Assets.xcassets in Resources */ = {isa = PBXBuildFile; fileRef = 8467270B267E2B76007F5CB1 /* Assets.xcassets */; };
		8467270F267E2B76007F5CB1 /* LaunchScreen.storyboard in Resources */ = {isa = PBXBuildFile; fileRef = 8467270D267E2B76007F5CB1 /* LaunchScreen.storyboard */; };
		8467271D267E9EB8007F5CB1 /* TabBarController.swift in Sources */ = {isa = PBXBuildFile; fileRef = 8467271C267E9EB8007F5CB1 /* TabBarController.swift */; };
		8467271F267EA314007F5CB1 /* ApiClient.swift in Sources */ = {isa = PBXBuildFile; fileRef = 8467271E267EA314007F5CB1 /* ApiClient.swift */; };
		84672721267EA57B007F5CB1 /* APOD.swift in Sources */ = {isa = PBXBuildFile; fileRef = 84672720267EA57B007F5CB1 /* APOD.swift */; };
		84672723267EA670007F5CB1 /* DataManager.swift in Sources */ = {isa = PBXBuildFile; fileRef = 84672722267EA670007F5CB1 /* DataManager.swift */; };
		DBA6217AEE3845926CB2C752 /* Pods_NASA_APOD.framework in Frameworks */ = {isa = PBXBuildFile; fileRef = 7C217D02C8F908D6983362DC /* Pods_NASA_APOD.framework */; };
/* End PBXBuildFile section */

/* Begin PBXFileReference section */
		716C7672FB5E84DE77F2661E /* Pods-NASA-APOD.release.xcconfig */ = {isa = PBXFileReference; includeInIndex = 1; lastKnownFileType = text.xcconfig; name = "Pods-NASA-APOD.release.xcconfig"; path = "Target Support Files/Pods-NASA-APOD/Pods-NASA-APOD.release.xcconfig"; sourceTree = "<group>"; };
		7C217D02C8F908D6983362DC /* Pods_NASA_APOD.framework */ = {isa = PBXFileReference; explicitFileType = wrapper.framework; includeInIndex = 0; path = Pods_NASA_APOD.framework; sourceTree = BUILT_PRODUCTS_DIR; };
		7DC24E6662D22AE2DF408B10 /* Pods-NASA-APOD.debug.xcconfig */ = {isa = PBXFileReference; includeInIndex = 1; lastKnownFileType = text.xcconfig; name = "Pods-NASA-APOD.debug.xcconfig"; path = "Target Support Files/Pods-NASA-APOD/Pods-NASA-APOD.debug.xcconfig"; sourceTree = "<group>"; };
		8463AF1726888EAB00AD1862 /* UIImage+Extension.swift */ = {isa = PBXFileReference; lastKnownFileType = sourcecode.swift; path = "UIImage+Extension.swift"; sourceTree = "<group>"; };
		8463AF1926890C8900AD1862 /* APODDetailsViewController.swift */ = {isa = PBXFileReference; lastKnownFileType = sourcecode.swift; path = APODDetailsViewController.swift; sourceTree = "<group>"; };
		8463AF1B2689BEAA00AD1862 /* SpaceCenter.gif */ = {isa = PBXFileReference; lastKnownFileType = image.gif; path = SpaceCenter.gif; sourceTree = "<group>"; };
		8463AF1D2689BFBA00AD1862 /* LogoAnimationView.swift */ = {isa = PBXFileReference; lastKnownFileType = sourcecode.swift; path = LogoAnimationView.swift; sourceTree = "<group>"; };
		8463AF1F2689C72D00AD1862 /* UIView+Extension.swift */ = {isa = PBXFileReference; lastKnownFileType = sourcecode.swift; path = "UIView+Extension.swift"; sourceTree = "<group>"; };
		8463AF232689F11900AD1862 /* APODCollectionViewController.swift */ = {isa = PBXFileReference; lastKnownFileType = sourcecode.swift; path = APODCollectionViewController.swift; sourceTree = "<group>"; };
		8463AF252689F34D00AD1862 /* APODCell.swift */ = {isa = PBXFileReference; lastKnownFileType = sourcecode.swift; path = APODCell.swift; sourceTree = "<group>"; };
		846726FF267E2B72007F5CB1 /* NASA-APOD.app */ = {isa = PBXFileReference; explicitFileType = wrapper.application; includeInIndex = 0; path = "NASA-APOD.app"; sourceTree = BUILT_PRODUCTS_DIR; };
		84672702267E2B72007F5CB1 /* AppDelegate.swift */ = {isa = PBXFileReference; lastKnownFileType = sourcecode.swift; path = AppDelegate.swift; sourceTree = "<group>"; };
		84672704267E2B72007F5CB1 /* SceneDelegate.swift */ = {isa = PBXFileReference; lastKnownFileType = sourcecode.swift; path = SceneDelegate.swift; sourceTree = "<group>"; };
		84672706267E2B72007F5CB1 /* APODViewController.swift */ = {isa = PBXFileReference; lastKnownFileType = sourcecode.swift; path = APODViewController.swift; sourceTree = "<group>"; };
		84672709267E2B72007F5CB1 /* Base */ = {isa = PBXFileReference; lastKnownFileType = file.storyboard; name = Base; path = Base.lproj/Main.storyboard; sourceTree = "<group>"; };
		8467270B267E2B76007F5CB1 /* Assets.xcassets */ = {isa = PBXFileReference; lastKnownFileType = folder.assetcatalog; path = Assets.xcassets; sourceTree = "<group>"; };
		8467270E267E2B76007F5CB1 /* Base */ = {isa = PBXFileReference; lastKnownFileType = file.storyboard; name = Base; path = Base.lproj/LaunchScreen.storyboard; sourceTree = "<group>"; };
		84672710267E2B76007F5CB1 /* Info.plist */ = {isa = PBXFileReference; lastKnownFileType = text.plist.xml; path = Info.plist; sourceTree = "<group>"; };
		8467271C267E9EB8007F5CB1 /* TabBarController.swift */ = {isa = PBXFileReference; lastKnownFileType = sourcecode.swift; path = TabBarController.swift; sourceTree = "<group>"; };
		8467271E267EA314007F5CB1 /* ApiClient.swift */ = {isa = PBXFileReference; lastKnownFileType = sourcecode.swift; path = ApiClient.swift; sourceTree = "<group>"; };
		84672720267EA57B007F5CB1 /* APOD.swift */ = {isa = PBXFileReference; lastKnownFileType = sourcecode.swift; path = APOD.swift; sourceTree = "<group>"; };
		84672722267EA670007F5CB1 /* DataManager.swift */ = {isa = PBXFileReference; lastKnownFileType = sourcecode.swift; path = DataManager.swift; sourceTree = "<group>"; };
/* End PBXFileReference section */

/* Begin PBXFrameworksBuildPhase section */
		846726FC267E2B72007F5CB1 /* Frameworks */ = {
			isa = PBXFrameworksBuildPhase;
			buildActionMask = 2147483647;
			files = (
				DBA6217AEE3845926CB2C752 /* Pods_NASA_APOD.framework in Frameworks */,
			);
			runOnlyForDeploymentPostprocessing = 0;
		};
/* End PBXFrameworksBuildPhase section */

/* Begin PBXGroup section */
		042B84695DBCBE3AA27CCFBF /* Pods */ = {
			isa = PBXGroup;
			children = (
				7DC24E6662D22AE2DF408B10 /* Pods-NASA-APOD.debug.xcconfig */,
				716C7672FB5E84DE77F2661E /* Pods-NASA-APOD.release.xcconfig */,
			);
			path = Pods;
			sourceTree = "<group>";
		};
		391B4A234D6FD5DF37DC93A0 /* Frameworks */ = {
			isa = PBXGroup;
			children = (
				7C217D02C8F908D6983362DC /* Pods_NASA_APOD.framework */,
			);
			name = Frameworks;
			sourceTree = "<group>";
		};
		8463AF1626888E8500AD1862 /* Extensions */ = {
			isa = PBXGroup;
			children = (
				8463AF1726888EAB00AD1862 /* UIImage+Extension.swift */,
				8463AF1F2689C72D00AD1862 /* UIView+Extension.swift */,
			);
			path = Extensions;
			sourceTree = "<group>";
		};
		846726F6267E2B72007F5CB1 = {
			isa = PBXGroup;
			children = (
				84672701267E2B72007F5CB1 /* NASA-APOD */,
				84672700267E2B72007F5CB1 /* Products */,
				042B84695DBCBE3AA27CCFBF /* Pods */,
				391B4A234D6FD5DF37DC93A0 /* Frameworks */,
			);
			sourceTree = "<group>";
		};
		84672700267E2B72007F5CB1 /* Products */ = {
			isa = PBXGroup;
			children = (
				846726FF267E2B72007F5CB1 /* NASA-APOD.app */,
			);
			name = Products;
			sourceTree = "<group>";
		};
		84672701267E2B72007F5CB1 /* NASA-APOD */ = {
			isa = PBXGroup;
			children = (
				8463AF1626888E8500AD1862 /* Extensions */,
				8467271B267E9D8D007F5CB1 /* SupportedFiles */,
				8467271A267E9D83007F5CB1 /* Sources */,
				84672719267E9D7B007F5CB1 /* UI */,
				84672718267E9D50007F5CB1 /* Clients */,
				84672717267E9D48007F5CB1 /* ViewControllers */,
				84672716267E9D40007F5CB1 /* Model */,
				84672710267E2B76007F5CB1 /* Info.plist */,
			);
			path = "NASA-APOD";
			sourceTree = "<group>";
		};
		84672716267E9D40007F5CB1 /* Model */ = {
			isa = PBXGroup;
			children = (
				84672720267EA57B007F5CB1 /* APOD.swift */,
				84672722267EA670007F5CB1 /* DataManager.swift */,
			);
			path = Model;
			sourceTree = "<group>";
		};
		84672717267E9D48007F5CB1 /* ViewControllers */ = {
			isa = PBXGroup;
			children = (
				8467271C267E9EB8007F5CB1 /* TabBarController.swift */,
				8463AF1D2689BFBA00AD1862 /* LogoAnimationView.swift */,
				84672706267E2B72007F5CB1 /* APODViewController.swift */,
				8463AF1926890C8900AD1862 /* APODDetailsViewController.swift */,
				8463AF232689F11900AD1862 /* APODCollectionViewController.swift */,
				8463AF252689F34D00AD1862 /* APODCell.swift */,
			);
			path = ViewControllers;
			sourceTree = "<group>";
		};
		84672718267E9D50007F5CB1 /* Clients */ = {
			isa = PBXGroup;
			children = (
				8467271E267EA314007F5CB1 /* ApiClient.swift */,
			);
			path = Clients;
			sourceTree = "<group>";
		};
		84672719267E9D7B007F5CB1 /* UI */ = {
			isa = PBXGroup;
			children = (
				8467270D267E2B76007F5CB1 /* LaunchScreen.storyboard */,
				84672708267E2B72007F5CB1 /* Main.storyboard */,
			);
			path = UI;
			sourceTree = "<group>";
		};
		8467271A267E9D83007F5CB1 /* Sources */ = {
			isa = PBXGroup;
			children = (
				8463AF1B2689BEAA00AD1862 /* SpaceCenter.gif */,
				8467270B267E2B76007F5CB1 /* Assets.xcassets */,
			);
			path = Sources;
			sourceTree = "<group>";
		};
		8467271B267E9D8D007F5CB1 /* SupportedFiles */ = {
			isa = PBXGroup;
			children = (
				84672702267E2B72007F5CB1 /* AppDelegate.swift */,
				84672704267E2B72007F5CB1 /* SceneDelegate.swift */,
			);
			path = SupportedFiles;
			sourceTree = "<group>";
		};
/* End PBXGroup section */

/* Begin PBXNativeTarget section */
		846726FE267E2B72007F5CB1 /* NASA-APOD */ = {
			isa = PBXNativeTarget;
			buildConfigurationList = 84672713267E2B76007F5CB1 /* Build configuration list for PBXNativeTarget "NASA-APOD" */;
			buildPhases = (
				C5B88D49BEA7138C84BB6712 /* [CP] Check Pods Manifest.lock */,
				846726FB267E2B72007F5CB1 /* Sources */,
				846726FC267E2B72007F5CB1 /* Frameworks */,
				846726FD267E2B72007F5CB1 /* Resources */,
				9DB846BA2A13D1DD502A94C4 /* [CP] Embed Pods Frameworks */,
			);
			buildRules = (
			);
			dependencies = (
			);
			name = "NASA-APOD";
			productName = "NASA-APOD";
			productReference = 846726FF267E2B72007F5CB1 /* NASA-APOD.app */;
			productType = "com.apple.product-type.application";
		};
/* End PBXNativeTarget section */

/* Begin PBXProject section */
		846726F7267E2B72007F5CB1 /* Project object */ = {
			isa = PBXProject;
			attributes = {
				LastSwiftUpdateCheck = 1250;
				LastUpgradeCheck = 1250;
				TargetAttributes = {
					846726FE267E2B72007F5CB1 = {
						CreatedOnToolsVersion = 12.5;
					};
				};
			};
			buildConfigurationList = 846726FA267E2B72007F5CB1 /* Build configuration list for PBXProject "NASA-APOD" */;
			compatibilityVersion = "Xcode 9.3";
			developmentRegion = en;
			hasScannedForEncodings = 0;
			knownRegions = (
				en,
				Base,
			);
			mainGroup = 846726F6267E2B72007F5CB1;
			productRefGroup = 84672700267E2B72007F5CB1 /* Products */;
			projectDirPath = "";
			projectRoot = "";
			targets = (
				846726FE267E2B72007F5CB1 /* NASA-APOD */,
			);
		};
/* End PBXProject section */

/* Begin PBXResourcesBuildPhase section */
		846726FD267E2B72007F5CB1 /* Resources */ = {
			isa = PBXResourcesBuildPhase;
			buildActionMask = 2147483647;
			files = (
				8463AF1C2689BEAA00AD1862 /* SpaceCenter.gif in Resources */,
				8467270F267E2B76007F5CB1 /* LaunchScreen.storyboard in Resources */,
				8467270C267E2B76007F5CB1 /* Assets.xcassets in Resources */,
				8467270A267E2B72007F5CB1 /* Main.storyboard in Resources */,
			);
			runOnlyForDeploymentPostprocessing = 0;
		};
/* End PBXResourcesBuildPhase section */

/* Begin PBXShellScriptBuildPhase section */
		9DB846BA2A13D1DD502A94C4 /* [CP] Embed Pods Frameworks */ = {
			isa = PBXShellScriptBuildPhase;
			buildActionMask = 2147483647;
			files = (
			);
			inputFileListPaths = (
				"${PODS_ROOT}/Target Support Files/Pods-NASA-APOD/Pods-NASA-APOD-frameworks-${CONFIGURATION}-input-files.xcfilelist",
			);
			name = "[CP] Embed Pods Frameworks";
			outputFileListPaths = (
				"${PODS_ROOT}/Target Support Files/Pods-NASA-APOD/Pods-NASA-APOD-frameworks-${CONFIGURATION}-output-files.xcfilelist",
			);
			runOnlyForDeploymentPostprocessing = 0;
			shellPath = /bin/sh;
			shellScript = "\"${PODS_ROOT}/Target Support Files/Pods-NASA-APOD/Pods-NASA-APOD-frameworks.sh\"\n";
			showEnvVarsInLog = 0;
		};
		C5B88D49BEA7138C84BB6712 /* [CP] Check Pods Manifest.lock */ = {
			isa = PBXShellScriptBuildPhase;
			buildActionMask = 2147483647;
			files = (
			);
			inputFileListPaths = (
			);
			inputPaths = (
				"${PODS_PODFILE_DIR_PATH}/Podfile.lock",
				"${PODS_ROOT}/Manifest.lock",
			);
			name = "[CP] Check Pods Manifest.lock";
			outputFileListPaths = (
			);
			outputPaths = (
				"$(DERIVED_FILE_DIR)/Pods-NASA-APOD-checkManifestLockResult.txt",
			);
			runOnlyForDeploymentPostprocessing = 0;
			shellPath = /bin/sh;
			shellScript = "diff \"${PODS_PODFILE_DIR_PATH}/Podfile.lock\" \"${PODS_ROOT}/Manifest.lock\" > /dev/null\nif [ $? != 0 ] ; then\n    # print error to STDERR\n    echo \"error: The sandbox is not in sync with the Podfile.lock. Run 'pod install' or update your CocoaPods installation.\" >&2\n    exit 1\nfi\n# This output is used by Xcode 'outputs' to avoid re-running this script phase.\necho \"SUCCESS\" > \"${SCRIPT_OUTPUT_FILE_0}\"\n";
			showEnvVarsInLog = 0;
		};
/* End PBXShellScriptBuildPhase section */

/* Begin PBXSourcesBuildPhase section */
		846726FB267E2B72007F5CB1 /* Sources */ = {
			isa = PBXSourcesBuildPhase;
			buildActionMask = 2147483647;
			files = (
				8463AF202689C72D00AD1862 /* UIView+Extension.swift in Sources */,
				84672707267E2B72007F5CB1 /* APODViewController.swift in Sources */,
				84672721267EA57B007F5CB1 /* APOD.swift in Sources */,
				8463AF1E2689BFBA00AD1862 /* LogoAnimationView.swift in Sources */,
				8463AF242689F11900AD1862 /* APODCollectionViewController.swift in Sources */,
				8467271D267E9EB8007F5CB1 /* TabBarController.swift in Sources */,
				8463AF1A26890C8900AD1862 /* APODDetailsViewController.swift in Sources */,
				8463AF1826888EAB00AD1862 /* UIImage+Extension.swift in Sources */,
				84672723267EA670007F5CB1 /* DataManager.swift in Sources */,
				8463AF262689F34D00AD1862 /* APODCell.swift in Sources */,
				84672703267E2B72007F5CB1 /* AppDelegate.swift in Sources */,
				84672705267E2B72007F5CB1 /* SceneDelegate.swift in Sources */,
				8467271F267EA314007F5CB1 /* ApiClient.swift in Sources */,
			);
			runOnlyForDeploymentPostprocessing = 0;
		};
/* End PBXSourcesBuildPhase section */

/* Begin PBXVariantGroup section */
		84672708267E2B72007F5CB1 /* Main.storyboard */ = {
			isa = PBXVariantGroup;
			children = (
				84672709267E2B72007F5CB1 /* Base */,
			);
			name = Main.storyboard;
			sourceTree = "<group>";
		};
		8467270D267E2B76007F5CB1 /* LaunchScreen.storyboard */ = {
			isa = PBXVariantGroup;
			children = (
				8467270E267E2B76007F5CB1 /* Base */,
			);
			name = LaunchScreen.storyboard;
			sourceTree = "<group>";
		};
/* End PBXVariantGroup section */

/* Begin XCBuildConfiguration section */
		84672711267E2B76007F5CB1 /* Debug */ = {
			isa = XCBuildConfiguration;
			buildSettings = {
				ALWAYS_SEARCH_USER_PATHS = NO;
				CLANG_ANALYZER_NONNULL = YES;
				CLANG_ANALYZER_NUMBER_OBJECT_CONVERSION = YES_AGGRESSIVE;
				CLANG_CXX_LANGUAGE_STANDARD = "gnu++14";
				CLANG_CXX_LIBRARY = "libc++";
				CLANG_ENABLE_MODULES = YES;
				CLANG_ENABLE_OBJC_ARC = YES;
				CLANG_ENABLE_OBJC_WEAK = YES;
				CLANG_WARN_BLOCK_CAPTURE_AUTORELEASING = YES;
				CLANG_WARN_BOOL_CONVERSION = YES;
				CLANG_WARN_COMMA = YES;
				CLANG_WARN_CONSTANT_CONVERSION = YES;
				CLANG_WARN_DEPRECATED_OBJC_IMPLEMENTATIONS = YES;
				CLANG_WARN_DIRECT_OBJC_ISA_USAGE = YES_ERROR;
				CLANG_WARN_DOCUMENTATION_COMMENTS = YES;
				CLANG_WARN_EMPTY_BODY = YES;
				CLANG_WARN_ENUM_CONVERSION = YES;
				CLANG_WARN_INFINITE_RECURSION = YES;
				CLANG_WARN_INT_CONVERSION = YES;
				CLANG_WARN_NON_LITERAL_NULL_CONVERSION = YES;
				CLANG_WARN_OBJC_IMPLICIT_RETAIN_SELF = YES;
				CLANG_WARN_OBJC_LITERAL_CONVERSION = YES;
				CLANG_WARN_OBJC_ROOT_CLASS = YES_ERROR;
				CLANG_WARN_QUOTED_INCLUDE_IN_FRAMEWORK_HEADER = YES;
				CLANG_WARN_RANGE_LOOP_ANALYSIS = YES;
				CLANG_WARN_STRICT_PROTOTYPES = YES;
				CLANG_WARN_SUSPICIOUS_MOVE = YES;
				CLANG_WARN_UNGUARDED_AVAILABILITY = YES_AGGRESSIVE;
				CLANG_WARN_UNREACHABLE_CODE = YES;
				CLANG_WARN__DUPLICATE_METHOD_MATCH = YES;
				COPY_PHASE_STRIP = NO;
				DEBUG_INFORMATION_FORMAT = dwarf;
				ENABLE_STRICT_OBJC_MSGSEND = YES;
				ENABLE_TESTABILITY = YES;
				GCC_C_LANGUAGE_STANDARD = gnu11;
				GCC_DYNAMIC_NO_PIC = NO;
				GCC_NO_COMMON_BLOCKS = YES;
				GCC_OPTIMIZATION_LEVEL = 0;
				GCC_PREPROCESSOR_DEFINITIONS = (
					"DEBUG=1",
					"$(inherited)",
				);
				GCC_WARN_64_TO_32_BIT_CONVERSION = YES;
				GCC_WARN_ABOUT_RETURN_TYPE = YES_ERROR;
				GCC_WARN_UNDECLARED_SELECTOR = YES;
				GCC_WARN_UNINITIALIZED_AUTOS = YES_AGGRESSIVE;
				GCC_WARN_UNUSED_FUNCTION = YES;
				GCC_WARN_UNUSED_VARIABLE = YES;
				IPHONEOS_DEPLOYMENT_TARGET = 14.5;
				MTL_ENABLE_DEBUG_INFO = INCLUDE_SOURCE;
				MTL_FAST_MATH = YES;
				ONLY_ACTIVE_ARCH = YES;
				SDKROOT = iphoneos;
				SWIFT_ACTIVE_COMPILATION_CONDITIONS = DEBUG;
				SWIFT_OPTIMIZATION_LEVEL = "-Onone";
			};
			name = Debug;
		};
		84672712267E2B76007F5CB1 /* Release */ = {
			isa = XCBuildConfiguration;
			buildSettings = {
				ALWAYS_SEARCH_USER_PATHS = NO;
				CLANG_ANALYZER_NONNULL = YES;
				CLANG_ANALYZER_NUMBER_OBJECT_CONVERSION = YES_AGGRESSIVE;
				CLANG_CXX_LANGUAGE_STANDARD = "gnu++14";
				CLANG_CXX_LIBRARY = "libc++";
				CLANG_ENABLE_MODULES = YES;
				CLANG_ENABLE_OBJC_ARC = YES;
				CLANG_ENABLE_OBJC_WEAK = YES;
				CLANG_WARN_BLOCK_CAPTURE_AUTORELEASING = YES;
				CLANG_WARN_BOOL_CONVERSION = YES;
				CLANG_WARN_COMMA = YES;
				CLANG_WARN_CONSTANT_CONVERSION = YES;
				CLANG_WARN_DEPRECATED_OBJC_IMPLEMENTATIONS = YES;
				CLANG_WARN_DIRECT_OBJC_ISA_USAGE = YES_ERROR;
				CLANG_WARN_DOCUMENTATION_COMMENTS = YES;
				CLANG_WARN_EMPTY_BODY = YES;
				CLANG_WARN_ENUM_CONVERSION = YES;
				CLANG_WARN_INFINITE_RECURSION = YES;
				CLANG_WARN_INT_CONVERSION = YES;
				CLANG_WARN_NON_LITERAL_NULL_CONVERSION = YES;
				CLANG_WARN_OBJC_IMPLICIT_RETAIN_SELF = YES;
				CLANG_WARN_OBJC_LITERAL_CONVERSION = YES;
				CLANG_WARN_OBJC_ROOT_CLASS = YES_ERROR;
				CLANG_WARN_QUOTED_INCLUDE_IN_FRAMEWORK_HEADER = YES;
				CLANG_WARN_RANGE_LOOP_ANALYSIS = YES;
				CLANG_WARN_STRICT_PROTOTYPES = YES;
				CLANG_WARN_SUSPICIOUS_MOVE = YES;
				CLANG_WARN_UNGUARDED_AVAILABILITY = YES_AGGRESSIVE;
				CLANG_WARN_UNREACHABLE_CODE = YES;
				CLANG_WARN__DUPLICATE_METHOD_MATCH = YES;
				COPY_PHASE_STRIP = NO;
				DEBUG_INFORMATION_FORMAT = "dwarf-with-dsym";
				ENABLE_NS_ASSERTIONS = NO;
				ENABLE_STRICT_OBJC_MSGSEND = YES;
				GCC_C_LANGUAGE_STANDARD = gnu11;
				GCC_NO_COMMON_BLOCKS = YES;
				GCC_WARN_64_TO_32_BIT_CONVERSION = YES;
				GCC_WARN_ABOUT_RETURN_TYPE = YES_ERROR;
				GCC_WARN_UNDECLARED_SELECTOR = YES;
				GCC_WARN_UNINITIALIZED_AUTOS = YES_AGGRESSIVE;
				GCC_WARN_UNUSED_FUNCTION = YES;
				GCC_WARN_UNUSED_VARIABLE = YES;
				IPHONEOS_DEPLOYMENT_TARGET = 14.5;
				MTL_ENABLE_DEBUG_INFO = NO;
				MTL_FAST_MATH = YES;
				SDKROOT = iphoneos;
				SWIFT_COMPILATION_MODE = wholemodule;
				SWIFT_OPTIMIZATION_LEVEL = "-O";
				VALIDATE_PRODUCT = YES;
			};
			name = Release;
		};
		84672714267E2B76007F5CB1 /* Debug */ = {
			isa = XCBuildConfiguration;
			baseConfigurationReference = 7DC24E6662D22AE2DF408B10 /* Pods-NASA-APOD.debug.xcconfig */;
			buildSettings = {
				ASSETCATALOG_COMPILER_APPICON_NAME = AppIcon;
				ASSETCATALOG_COMPILER_GLOBAL_ACCENT_COLOR_NAME = AccentColor;
				CODE_SIGN_STYLE = Automatic;
				INFOPLIST_FILE = "NASA-APOD/Info.plist";
				IPHONEOS_DEPLOYMENT_TARGET = 13.2;
				LD_RUNPATH_SEARCH_PATHS = (
					"$(inherited)",
					"@executable_path/Frameworks",
				);
				MARKETING_VERSION = 1.0.0;
				PRODUCT_BUNDLE_IDENTIFIER = "com.VSTsyganov.NASA-APOD";
				PRODUCT_NAME = "$(TARGET_NAME)";
				SWIFT_VERSION = 5.0;
				TARGETED_DEVICE_FAMILY = "1,2";
			};
			name = Debug;
		};
		84672715267E2B76007F5CB1 /* Release */ = {
			isa = XCBuildConfiguration;
			baseConfigurationReference = 716C7672FB5E84DE77F2661E /* Pods-NASA-APOD.release.xcconfig */;
			buildSettings = {
				ASSETCATALOG_COMPILER_APPICON_NAME = AppIcon;
				ASSETCATALOG_COMPILER_GLOBAL_ACCENT_COLOR_NAME = AccentColor;
				CODE_SIGN_STYLE = Automatic;
				INFOPLIST_FILE = "NASA-APOD/Info.plist";
				IPHONEOS_DEPLOYMENT_TARGET = 13.2;
				LD_RUNPATH_SEARCH_PATHS = (
					"$(inherited)",
					"@executable_path/Frameworks",
				);
				MARKETING_VERSION = 1.0.0;
				PRODUCT_BUNDLE_IDENTIFIER = "com.VSTsyganov.NASA-APOD";
				PRODUCT_NAME = "$(TARGET_NAME)";
				SWIFT_VERSION = 5.0;
				TARGETED_DEVICE_FAMILY = "1,2";
			};
			name = Release;
		};
/* End XCBuildConfiguration section */

/* Begin XCConfigurationList section */
		846726FA267E2B72007F5CB1 /* Build configuration list for PBXProject "NASA-APOD" */ = {
			isa = XCConfigurationList;
			buildConfigurations = (
				84672711267E2B76007F5CB1 /* Debug */,
				84672712267E2B76007F5CB1 /* Release */,
			);
			defaultConfigurationIsVisible = 0;
			defaultConfigurationName = Release;
		};
		84672713267E2B76007F5CB1 /* Build configuration list for PBXNativeTarget "NASA-APOD" */ = {
			isa = XCConfigurationList;
			buildConfigurations = (
				84672714267E2B76007F5CB1 /* Debug */,
				84672715267E2B76007F5CB1 /* Release */,
			);
			defaultConfigurationIsVisible = 0;
			defaultConfigurationName = Release;
		};
/* End XCConfigurationList section */
	};
	rootObject = 846726F7267E2B72007F5CB1 /* Project object */;
}
